
Microsoft Visual Studio Solution File, Format Version 12.00
# Visual Studio Version 17
VisualStudioVersion = 17.6.33801.468
MinimumVisualStudioVersion = 10.0.40219.1
Project("{FAE04EC0-301F-11D3-BF4B-00C04F79EFBC}") = "ApiComment", "ApiComment\ApiComment.csproj", "{0F5383E2-33D1-4693-AA5E-4BA467B8D802}"
EndProject
Global
	GlobalSection(SolutionConfigurationPlatforms) = preSolution
		Debug|Any CPU = Debug|Any CPU
		Release|Any CPU = Release|Any CPU
	EndGlobalSection
	GlobalSection(ProjectConfigurationPlatforms) = postSolution
		{0F5383E2-33D1-4693-AA5E-4BA467B8D802}.Debug|Any CPU.ActiveCfg = Debug|Any CPU
		{0F5383E2-33D1-4693-AA5E-4BA467B8D802}.Debug|Any CPU.Build.0 = Debug|Any CPU
		{0F5383E2-33D1-4693-AA5E-4BA467B8D802}.Release|Any CPU.ActiveCfg = Release|Any CPU
		{0F5383E2-33D1-4693-AA5E-4BA467B8D802}.Release|Any CPU.Build.0 = Release|Any CPU
	EndGlobalSection
	GlobalSection(SolutionProperties) = preSolution
		HideSolutionNode = FALSE
	EndGlobalSection
	GlobalSection(ExtensibilityGlobals) = postSolution
		SolutionGuid = {A712E97E-89E5-4949-B38A-0BB41FB99284}
	EndGlobalSection
EndGlobal
